// !$*UTF8*$!
{
	archiveVersion = 1;
	classes = {
	};
	objectVersion = 56;
	objects = {

/* Begin PBXBuildFile section */
		5503DC4D29C8C70500F670D2 /* AppDelegate.m in Sources */ = {isa = PBXBuildFile; fileRef = 5503DC4C29C8C70500F670D2 /* AppDelegate.m */; };
		5503DC5029C8C70500F670D2 /* SceneDelegate.m in Sources */ = {isa = PBXBuildFile; fileRef = 5503DC4F29C8C70500F670D2 /* SceneDelegate.m */; };
		5503DC5329C8C70500F670D2 /* ViewController.m in Sources */ = {isa = PBXBuildFile; fileRef = 5503DC5229C8C70500F670D2 /* ViewController.m */; };
		5503DC5629C8C70500F670D2 /* Main.storyboard in Resources */ = {isa = PBXBuildFile; fileRef = 5503DC5429C8C70500F670D2 /* Main.storyboard */; };
		5503DC5829C8C70700F670D2 /* Assets.xcassets in Resources */ = {isa = PBXBuildFile; fileRef = 5503DC5729C8C70700F670D2 /* Assets.xcassets */; };
		5503DC5B29C8C70700F670D2 /* LaunchScreen.storyboard in Resources */ = {isa = PBXBuildFile; fileRef = 5503DC5929C8C70700F670D2 /* LaunchScreen.storyboard */; };
		5503DC5E29C8C70700F670D2 /* main.m in Sources */ = {isa = PBXBuildFile; fileRef = 5503DC5D29C8C70700F670D2 /* main.m */; };
		5503DC6729C8C77200F670D2 /* Service in Resources */ = {isa = PBXBuildFile; fileRef = 5503DC6429C8C77100F670D2 /* Service */; };
		5503DC6829C8C77200F670D2 /* Settings in Resources */ = {isa = PBXBuildFile; fileRef = 5503DC6529C8C77100F670D2 /* Settings */; };
		5503DC6929C8C77200F670D2 /* Vehicle in Resources */ = {isa = PBXBuildFile; fileRef = 5503DC6629C8C77100F670D2 /* Vehicle */; };
/* End PBXBuildFile section */

/* Begin PBXFileReference section */
		5503DC4829C8C70500F670D2 /* ObjCSample.app */ = {isa = PBXFileReference; explicitFileType = wrapper.application; includeInIndex = 0; path = ObjCSample.app; sourceTree = BUILT_PRODUCTS_DIR; };
		5503DC4B29C8C70500F670D2 /* AppDelegate.h */ = {isa = PBXFileReference; lastKnownFileType = sourcecode.c.h; path = AppDelegate.h; sourceTree = "<group>"; };
		5503DC4C29C8C70500F670D2 /* AppDelegate.m */ = {isa = PBXFileReference; lastKnownFileType = sourcecode.c.objc; path = AppDelegate.m; sourceTree = "<group>"; };
		5503DC4E29C8C70500F670D2 /* SceneDelegate.h */ = {isa = PBXFileReference; lastKnownFileType = sourcecode.c.h; path = SceneDelegate.h; sourceTree = "<group>"; };
		5503DC4F29C8C70500F670D2 /* SceneDelegate.m */ = {isa = PBXFileReference; lastKnownFileType = sourcecode.c.objc; path = SceneDelegate.m; sourceTree = "<group>"; };
		5503DC5129C8C70500F670D2 /* ViewController.h */ = {isa = PBXFileReference; lastKnownFileType = sourcecode.c.h; path = ViewController.h; sourceTree = "<group>"; };
		5503DC5229C8C70500F670D2 /* ViewController.m */ = {isa = PBXFileReference; lastKnownFileType = sourcecode.c.objc; path = ViewController.m; sourceTree = "<group>"; };
		5503DC5529C8C70500F670D2 /* Base */ = {isa = PBXFileReference; lastKnownFileType = file.storyboard; name = Base; path = Base.lproj/Main.storyboard; sourceTree = "<group>"; };
		5503DC5729C8C70700F670D2 /* Assets.xcassets */ = {isa = PBXFileReference; lastKnownFileType = folder.assetcatalog; path = Assets.xcassets; sourceTree = "<group>"; };
		5503DC5A29C8C70700F670D2 /* Base */ = {isa = PBXFileReference; lastKnownFileType = file.storyboard; name = Base; path = Base.lproj/LaunchScreen.storyboard; sourceTree = "<group>"; };
		5503DC5C29C8C70700F670D2 /* Info.plist */ = {isa = PBXFileReference; lastKnownFileType = text.plist.xml; path = Info.plist; sourceTree = "<group>"; };
		5503DC5D29C8C70700F670D2 /* main.m */ = {isa = PBXFileReference; lastKnownFileType = sourcecode.c.objc; path = main.m; sourceTree = "<group>"; };
		5503DC6429C8C77100F670D2 /* Service */ = {isa = PBXFileReference; lastKnownFileType = folder; path = Service; sourceTree = "<group>"; };
		5503DC6529C8C77100F670D2 /* Settings */ = {isa = PBXFileReference; lastKnownFileType = folder; path = Settings; sourceTree = "<group>"; };
		5503DC6629C8C77100F670D2 /* Vehicle */ = {isa = PBXFileReference; lastKnownFileType = folder; path = Vehicle; sourceTree = "<group>"; };
/* End PBXFileReference section */

/* Begin PBXFrameworksBuildPhase section */
		5503DC4529C8C70500F670D2 /* Frameworks */ = {
			isa = PBXFrameworksBuildPhase;
			buildActionMask = 2147483647;
			files = (
			);
			runOnlyForDeploymentPostprocessing = 0;
		};
/* End PBXFrameworksBuildPhase section */

/* Begin PBXGroup section */
		5503DC3F29C8C70500F670D2 = {
			isa = PBXGroup;
			children = (
				5503DC4A29C8C70500F670D2 /* ObjCSample */,
				5503DC4929C8C70500F670D2 /* Products */,
			);
			sourceTree = "<group>";
		};
		5503DC4929C8C70500F670D2 /* Products */ = {
			isa = PBXGroup;
			children = (
				5503DC4829C8C70500F670D2 /* ObjCSample.app */,
			);
			name = Products;
			sourceTree = "<group>";
		};
		5503DC4A29C8C70500F670D2 /* ObjCSample */ = {
			isa = PBXGroup;
			children = (
				5503DC6429C8C77100F670D2 /* Service */,
				5503DC6529C8C77100F670D2 /* Settings */,
				5503DC6629C8C77100F670D2 /* Vehicle */,
				5503DC4B29C8C70500F670D2 /* AppDelegate.h */,
				5503DC4C29C8C70500F670D2 /* AppDelegate.m */,
				5503DC4E29C8C70500F670D2 /* SceneDelegate.h */,
				5503DC4F29C8C70500F670D2 /* SceneDelegate.m */,
				5503DC5129C8C70500F670D2 /* ViewController.h */,
				5503DC5229C8C70500F670D2 /* ViewController.m */,
				5503DC5429C8C70500F670D2 /* Main.storyboard */,
				5503DC5729C8C70700F670D2 /* Assets.xcassets */,
				5503DC5929C8C70700F670D2 /* LaunchScreen.storyboard */,
				5503DC5C29C8C70700F670D2 /* Info.plist */,
				5503DC5D29C8C70700F670D2 /* main.m */,
			);
			path = ObjCSample;
			sourceTree = "<group>";
		};
/* End PBXGroup section */

/* Begin PBXNativeTarget section */
		5503DC4729C8C70500F670D2 /* ObjCSample */ = {
			isa = PBXNativeTarget;
			buildConfigurationList = 5503DC6129C8C70700F670D2 /* Build configuration list for PBXNativeTarget "ObjCSample" */;
			buildPhases = (
				5503DC4429C8C70500F670D2 /* Sources */,
				5503DC4529C8C70500F670D2 /* Frameworks */,
				5503DC4629C8C70500F670D2 /* Resources */,
			);
			buildRules = (
			);
			dependencies = (
			);
			name = ObjCSample;
			productName = ObjCSample;
			productReference = 5503DC4829C8C70500F670D2 /* ObjCSample.app */;
			productType = "com.apple.product-type.application";
		};
/* End PBXNativeTarget section */

/* Begin PBXProject section */
		5503DC4029C8C70500F670D2 /* Project object */ = {
			isa = PBXProject;
			attributes = {
				BuildIndependentTargetsInParallel = 1;
				LastUpgradeCheck = 1420;
				TargetAttributes = {
					5503DC4729C8C70500F670D2 = {
						CreatedOnToolsVersion = 14.2;
					};
				};
			};
			buildConfigurationList = 5503DC4329C8C70500F670D2 /* Build configuration list for PBXProject "ObjCSample" */;
			compatibilityVersion = "Xcode 14.0";
			developmentRegion = en;
			hasScannedForEncodings = 0;
			knownRegions = (
				en,
				Base,
			);
			mainGroup = 5503DC3F29C8C70500F670D2;
			productRefGroup = 5503DC4929C8C70500F670D2 /* Products */;
			projectDirPath = "";
			projectRoot = "";
			targets = (
				5503DC4729C8C70500F670D2 /* ObjCSample */,
			);
		};
/* End PBXProject section */

/* Begin PBXResourcesBuildPhase section */
		5503DC4629C8C70500F670D2 /* Resources */ = {
			isa = PBXResourcesBuildPhase;
			buildActionMask = 2147483647;
			files = (
				5503DC6729C8C77200F670D2 /* Service in Resources */,
				5503DC6829C8C77200F670D2 /* Settings in Resources */,
				5503DC5B29C8C70700F670D2 /* LaunchScreen.storyboard in Resources */,
				5503DC6929C8C77200F670D2 /* Vehicle in Resources */,
				5503DC5829C8C70700F670D2 /* Assets.xcassets in Resources */,
				5503DC5629C8C70500F670D2 /* Main.storyboard in Resources */,
			);
			runOnlyForDeploymentPostprocessing = 0;
		};
/* End PBXResourcesBuildPhase section */

/* Begin PBXSourcesBuildPhase section */
		5503DC4429C8C70500F670D2 /* Sources */ = {
			isa = PBXSourcesBuildPhase;
			buildActionMask = 2147483647;
			files = (
				5503DC5329C8C70500F670D2 /* ViewController.m in Sources */,
				5503DC4D29C8C70500F670D2 /* AppDelegate.m in Sources */,
				5503DC5E29C8C70700F670D2 /* main.m in Sources */,
				5503DC5029C8C70500F670D2 /* SceneDelegate.m in Sources */,
			);
			runOnlyForDeploymentPostprocessing = 0;
		};
/* End PBXSourcesBuildPhase section */

/* Begin PBXVariantGroup section */
		5503DC5429C8C70500F670D2 /* Main.storyboard */ = {
			isa = PBXVariantGroup;
			children = (
				5503DC5529C8C70500F670D2 /* Base */,
			);
			name = Main.storyboard;
			sourceTree = "<group>";
		};
		5503DC5929C8C70700F670D2 /* LaunchScreen.storyboard */ = {
			isa = PBXVariantGroup;
			children = (
				5503DC5A29C8C70700F670D2 /* Base */,
			);
			name = LaunchScreen.storyboard;
			sourceTree = "<group>";
		};
/* End PBXVariantGroup section */

/* Begin XCBuildConfiguration section */
		5503DC5F29C8C70700F670D2 /* Debug */ = {
			isa = XCBuildConfiguration;
			buildSettings = {
				ALWAYS_SEARCH_USER_PATHS = NO;
				CLANG_ANALYZER_NONNULL = YES;
				CLANG_ANALYZER_NUMBER_OBJECT_CONVERSION = YES_AGGRESSIVE;
				CLANG_CXX_LANGUAGE_STANDARD = "gnu++20";
				CLANG_ENABLE_MODULES = YES;
				CLANG_ENABLE_OBJC_ARC = YES;
				CLANG_ENABLE_OBJC_WEAK = YES;
				CLANG_WARN_BLOCK_CAPTURE_AUTORELEASING = YES;
				CLANG_WARN_BOOL_CONVERSION = YES;
				CLANG_WARN_COMMA = YES;
				CLANG_WARN_CONSTANT_CONVERSION = YES;
				CLANG_WARN_DEPRECATED_OBJC_IMPLEMENTATIONS = YES;
				CLANG_WARN_DIRECT_OBJC_ISA_USAGE = YES_ERROR;
				CLANG_WARN_DOCUMENTATION_COMMENTS = YES;
				CLANG_WARN_EMPTY_BODY = YES;
				CLANG_WARN_ENUM_CONVERSION = YES;
				CLANG_WARN_INFINITE_RECURSION = YES;
				CLANG_WARN_INT_CONVERSION = YES;
				CLANG_WARN_NON_LITERAL_NULL_CONVERSION = YES;
				CLANG_WARN_OBJC_IMPLICIT_RETAIN_SELF = YES;
				CLANG_WARN_OBJC_LITERAL_CONVERSION = YES;
				CLANG_WARN_OBJC_ROOT_CLASS = YES_ERROR;
				CLANG_WARN_QUOTED_INCLUDE_IN_FRAMEWORK_HEADER = YES;
				CLANG_WARN_RANGE_LOOP_ANALYSIS = YES;
				CLANG_WARN_STRICT_PROTOTYPES = YES;
				CLANG_WARN_SUSPICIOUS_MOVE = YES;
				CLANG_WARN_UNGUARDED_AVAILABILITY = YES_AGGRESSIVE;
				CLANG_WARN_UNREACHABLE_CODE = YES;
				CLANG_WARN__DUPLICATE_METHOD_MATCH = YES;
				COPY_PHASE_STRIP = NO;
				DEBUG_INFORMATION_FORMAT = dwarf;
				ENABLE_STRICT_OBJC_MSGSEND = YES;
				ENABLE_TESTABILITY = YES;
				GCC_C_LANGUAGE_STANDARD = gnu11;
				GCC_DYNAMIC_NO_PIC = NO;
				GCC_NO_COMMON_BLOCKS = YES;
				GCC_OPTIMIZATION_LEVEL = 0;
				GCC_PREPROCESSOR_DEFINITIONS = (
					"DEBUG=1",
					"$(inherited)",
				);
				GCC_WARN_64_TO_32_BIT_CONVERSION = YES;
				GCC_WARN_ABOUT_RETURN_TYPE = YES_ERROR;
				GCC_WARN_UNDECLARED_SELECTOR = YES;
				GCC_WARN_UNINITIALIZED_AUTOS = YES_AGGRESSIVE;
				GCC_WARN_UNUSED_FUNCTION = YES;
				GCC_WARN_UNUSED_VARIABLE = YES;
				IPHONEOS_DEPLOYMENT_TARGET = 16.2;
				MTL_ENABLE_DEBUG_INFO = INCLUDE_SOURCE;
				MTL_FAST_MATH = YES;
				ONLY_ACTIVE_ARCH = YES;
				SDKROOT = iphoneos;
			};
			name = Debug;
		};
		5503DC6029C8C70700F670D2 /* Release */ = {
			isa = XCBuildConfiguration;
			buildSettings = {
				ALWAYS_SEARCH_USER_PATHS = NO;
				CLANG_ANALYZER_NONNULL = YES;
				CLANG_ANALYZER_NUMBER_OBJECT_CONVERSION = YES_AGGRESSIVE;
				CLANG_CXX_LANGUAGE_STANDARD = "gnu++20";
				CLANG_ENABLE_MODULES = YES;
				CLANG_ENABLE_OBJC_ARC = YES;
				CLANG_ENABLE_OBJC_WEAK = YES;
				CLANG_WARN_BLOCK_CAPTURE_AUTORELEASING = YES;
				CLANG_WARN_BOOL_CONVERSION = YES;
				CLANG_WARN_COMMA = YES;
				CLANG_WARN_CONSTANT_CONVERSION = YES;
				CLANG_WARN_DEPRECATED_OBJC_IMPLEMENTATIONS = YES;
				CLANG_WARN_DIRECT_OBJC_ISA_USAGE = YES_ERROR;
				CLANG_WARN_DOCUMENTATION_COMMENTS = YES;
				CLANG_WARN_EMPTY_BODY = YES;
				CLANG_WARN_ENUM_CONVERSION = YES;
				CLANG_WARN_INFINITE_RECURSION = YES;
				CLANG_WARN_INT_CONVERSION = YES;
				CLANG_WARN_NON_LITERAL_NULL_CONVERSION = YES;
				CLANG_WARN_OBJC_IMPLICIT_RETAIN_SELF = YES;
				CLANG_WARN_OBJC_LITERAL_CONVERSION = YES;
				CLANG_WARN_OBJC_ROOT_CLASS = YES_ERROR;
				CLANG_WARN_QUOTED_INCLUDE_IN_FRAMEWORK_HEADER = YES;
				CLANG_WARN_RANGE_LOOP_ANALYSIS = YES;
				CLANG_WARN_STRICT_PROTOTYPES = YES;
				CLANG_WARN_SUSPICIOUS_MOVE = YES;
				CLANG_WARN_UNGUARDED_AVAILABILITY = YES_AGGRESSIVE;
				CLANG_WARN_UNREACHABLE_CODE = YES;
				CLANG_WARN__DUPLICATE_METHOD_MATCH = YES;
				COPY_PHASE_STRIP = NO;
				DEBUG_INFORMATION_FORMAT = "dwarf-with-dsym";
				ENABLE_NS_ASSERTIONS = NO;
				ENABLE_STRICT_OBJC_MSGSEND = YES;
				GCC_C_LANGUAGE_STANDARD = gnu11;
				GCC_NO_COMMON_BLOCKS = YES;
				GCC_WARN_64_TO_32_BIT_CONVERSION = YES;
				GCC_WARN_ABOUT_RETURN_TYPE = YES_ERROR;
				GCC_WARN_UNDECLARED_SELECTOR = YES;
				GCC_WARN_UNINITIALIZED_AUTOS = YES_AGGRESSIVE;
				GCC_WARN_UNUSED_FUNCTION = YES;
				GCC_WARN_UNUSED_VARIABLE = YES;
				IPHONEOS_DEPLOYMENT_TARGET = 16.2;
				MTL_ENABLE_DEBUG_INFO = NO;
				MTL_FAST_MATH = YES;
				SDKROOT = iphoneos;
				VALIDATE_PRODUCT = YES;
			};
			name = Release;
		};
		5503DC6229C8C70700F670D2 /* Debug */ = {
			isa = XCBuildConfiguration;
			buildSettings = {
				ASSETCATALOG_COMPILER_APPICON_NAME = AppIcon;
				ASSETCATALOG_COMPILER_GLOBAL_ACCENT_COLOR_NAME = AccentColor;
				CODE_SIGN_STYLE = Automatic;
				CURRENT_PROJECT_VERSION = 1;
				DEVELOPMENT_TEAM = X9P4LTKX36;
				GENERATE_INFOPLIST_FILE = YES;
				INFOPLIST_FILE = ObjCSample/Info.plist;
				INFOPLIST_KEY_UIApplicationSupportsIndirectInputEvents = YES;
				INFOPLIST_KEY_UILaunchStoryboardName = LaunchScreen;
				INFOPLIST_KEY_UIMainStoryboardFile = Main;
				INFOPLIST_KEY_UISupportedInterfaceOrientations_iPad = "UIInterfaceOrientationPortrait UIInterfaceOrientationPortraitUpsideDown UIInterfaceOrientationLandscapeLeft UIInterfaceOrientationLandscapeRight";
				INFOPLIST_KEY_UISupportedInterfaceOrientations_iPhone = "UIInterfaceOrientationPortrait UIInterfaceOrientationLandscapeLeft UIInterfaceOrientationLandscapeRight";
				LD_RUNPATH_SEARCH_PATHS = (
					"$(inherited)",
					"@executable_path/Frameworks",
				);
				MARKETING_VERSION = 1.0;
				PRODUCT_BUNDLE_IDENTIFIER = com.andreyShevchenko.ObjCSample;
				PRODUCT_NAME = "$(TARGET_NAME)";
				SWIFT_EMIT_LOC_STRINGS = YES;
				TARGETED_DEVICE_FAMILY = "1,2";
			};
			name = Debug;
		};
		5503DC6329C8C70700F670D2 /* Release */ = {
			isa = XCBuildConfiguration;
			buildSettings = {
				ASSETCATALOG_COMPILER_APPICON_NAME = AppIcon;
				ASSETCATALOG_COMPILER_GLOBAL_ACCENT_COLOR_NAME = AccentColor;
				CODE_SIGN_STYLE = Automatic;
				CURRENT_PROJECT_VERSION = 1;
				DEVELOPMENT_TEAM = X9P4LTKX36;
				GENERATE_INFOPLIST_FILE = YES;
				INFOPLIST_FILE = ObjCSample/Info.plist;
				INFOPLIST_KEY_UIApplicationSupportsIndirectInputEvents = YES;
				INFOPLIST_KEY_UILaunchStoryboardName = LaunchScreen;
				INFOPLIST_KEY_UIMainStoryboardFile = Main;
				INFOPLIST_KEY_UISupportedInterfaceOrientations_iPad = "UIInterfaceOrientationPortrait UIInterfaceOrientationPortraitUpsideDown UIInterfaceOrientationLandscapeLeft UIInterfaceOrientationLandscapeRight";
				INFOPLIST_KEY_UISupportedInterfaceOrientations_iPhone = "UIInterfaceOrientationPortrait UIInterfaceOrientationLandscapeLeft UIInterfaceOrientationLandscapeRight";
				LD_RUNPATH_SEARCH_PATHS = (
					"$(inherited)",
					"@executable_path/Frameworks",
				);
				MARKETING_VERSION = 1.0;
				PRODUCT_BUNDLE_IDENTIFIER = com.andreyShevchenko.ObjCSample;
				PRODUCT_NAME = "$(TARGET_NAME)";
				SWIFT_EMIT_LOC_STRINGS = YES;
				TARGETED_DEVICE_FAMILY = "1,2";
			};
			name = Release;
		};
/* End XCBuildConfiguration section */

/* Begin XCConfigurationList section */
		5503DC4329C8C70500F670D2 /* Build configuration list for PBXProject "ObjCSample" */ = {
			isa = XCConfigurationList;
			buildConfigurations = (
				5503DC5F29C8C70700F670D2 /* Debug */,
				5503DC6029C8C70700F670D2 /* Release */,
			);
			defaultConfigurationIsVisible = 0;
			defaultConfigurationName = Release;
		};
		5503DC6129C8C70700F670D2 /* Build configuration list for PBXNativeTarget "ObjCSample" */ = {
			isa = XCConfigurationList;
			buildConfigurations = (
				5503DC6229C8C70700F670D2 /* Debug */,
				5503DC6329C8C70700F670D2 /* Release */,
			);
			defaultConfigurationIsVisible = 0;
			defaultConfigurationName = Release;
		};
/* End XCConfigurationList section */
	};
	rootObject = 5503DC4029C8C70500F670D2 /* Project object */;
}
